// !$*UTF8*$!
{
	archiveVersion = 1;
	classes = {
	};
	objectVersion = 56;
	objects = {

/* Begin PBXBuildFile section */
		4068D2B92B7BA1AF0042D7DC /* AppDelegate.swift in Sources */ = {isa = PBXBuildFile; fileRef = 4068D2B82B7BA1AF0042D7DC /* AppDelegate.swift */; };
		4068D2BB2B7BA1AF0042D7DC /* SceneDelegate.swift in Sources */ = {isa = PBXBuildFile; fileRef = 4068D2BA2B7BA1AF0042D7DC /* SceneDelegate.swift */; };
		4068D2BD2B7BA1AF0042D7DC /* ViewController.swift in Sources */ = {isa = PBXBuildFile; fileRef = 4068D2BC2B7BA1AF0042D7DC /* ViewController.swift */; };
		4068D2C02B7BA1AF0042D7DC /* Main.storyboard in Resources */ = {isa = PBXBuildFile; fileRef = 4068D2BE2B7BA1AF0042D7DC /* Main.storyboard */; };
		4068D2C22B7BA1B00042D7DC /* Assets.xcassets in Resources */ = {isa = PBXBuildFile; fileRef = 4068D2C12B7BA1B00042D7DC /* Assets.xcassets */; };
		4068D2C52B7BA1B00042D7DC /* LaunchScreen.storyboard in Resources */ = {isa = PBXBuildFile; fileRef = 4068D2C32B7BA1B00042D7DC /* LaunchScreen.storyboard */; };
		4068D2D02B7BA1B00042D7DC /* LogInTests.swift in Sources */ = {isa = PBXBuildFile; fileRef = 4068D2CF2B7BA1B00042D7DC /* LogInTests.swift */; };
		4068D2DA2B7BA1B00042D7DC /* LogInUITests.swift in Sources */ = {isa = PBXBuildFile; fileRef = 4068D2D92B7BA1B00042D7DC /* LogInUITests.swift */; };
		4068D2DC2B7BA1B00042D7DC /* LogInUITestsLaunchTests.swift in Sources */ = {isa = PBXBuildFile; fileRef = 4068D2DB2B7BA1B00042D7DC /* LogInUITestsLaunchTests.swift */; };
/* End PBXBuildFile section */

/* Begin PBXContainerItemProxy section */
		4068D2CC2B7BA1B00042D7DC /* PBXContainerItemProxy */ = {
			isa = PBXContainerItemProxy;
			containerPortal = 4068D2AD2B7BA1AF0042D7DC /* Project object */;
			proxyType = 1;
			remoteGlobalIDString = 4068D2B42B7BA1AF0042D7DC;
			remoteInfo = LogIn;
		};
		4068D2D62B7BA1B00042D7DC /* PBXContainerItemProxy */ = {
			isa = PBXContainerItemProxy;
			containerPortal = 4068D2AD2B7BA1AF0042D7DC /* Project object */;
			proxyType = 1;
			remoteGlobalIDString = 4068D2B42B7BA1AF0042D7DC;
			remoteInfo = LogIn;
		};
/* End PBXContainerItemProxy section */

/* Begin PBXFileReference section */
		4068D2B52B7BA1AF0042D7DC /* LogIn.app */ = {isa = PBXFileReference; explicitFileType = wrapper.application; includeInIndex = 0; path = LogIn.app; sourceTree = BUILT_PRODUCTS_DIR; };
		4068D2B82B7BA1AF0042D7DC /* AppDelegate.swift */ = {isa = PBXFileReference; lastKnownFileType = sourcecode.swift; path = AppDelegate.swift; sourceTree = "<group>"; };
		4068D2BA2B7BA1AF0042D7DC /* SceneDelegate.swift */ = {isa = PBXFileReference; lastKnownFileType = sourcecode.swift; path = SceneDelegate.swift; sourceTree = "<group>"; };
		4068D2BC2B7BA1AF0042D7DC /* ViewController.swift */ = {isa = PBXFileReference; lastKnownFileType = sourcecode.swift; path = ViewController.swift; sourceTree = "<group>"; };
		4068D2BF2B7BA1AF0042D7DC /* Base */ = {isa = PBXFileReference; lastKnownFileType = file.storyboard; name = Base; path = Base.lproj/Main.storyboard; sourceTree = "<group>"; };
		4068D2C12B7BA1B00042D7DC /* Assets.xcassets */ = {isa = PBXFileReference; lastKnownFileType = folder.assetcatalog; path = Assets.xcassets; sourceTree = "<group>"; };
		4068D2C42B7BA1B00042D7DC /* Base */ = {isa = PBXFileReference; lastKnownFileType = file.storyboard; name = Base; path = Base.lproj/LaunchScreen.storyboard; sourceTree = "<group>"; };
		4068D2C62B7BA1B00042D7DC /* Info.plist */ = {isa = PBXFileReference; lastKnownFileType = text.plist.xml; path = Info.plist; sourceTree = "<group>"; };
		4068D2CB2B7BA1B00042D7DC /* LogInTests.xctest */ = {isa = PBXFileReference; explicitFileType = wrapper.cfbundle; includeInIndex = 0; path = LogInTests.xctest; sourceTree = BUILT_PRODUCTS_DIR; };
		4068D2CF2B7BA1B00042D7DC /* LogInTests.swift */ = {isa = PBXFileReference; lastKnownFileType = sourcecode.swift; path = LogInTests.swift; sourceTree = "<group>"; };
		4068D2D52B7BA1B00042D7DC /* LogInUITests.xctest */ = {isa = PBXFileReference; explicitFileType = wrapper.cfbundle; includeInIndex = 0; path = LogInUITests.xctest; sourceTree = BUILT_PRODUCTS_DIR; };
		4068D2D92B7BA1B00042D7DC /* LogInUITests.swift */ = {isa = PBXFileReference; lastKnownFileType = sourcecode.swift; path = LogInUITests.swift; sourceTree = "<group>"; };
		4068D2DB2B7BA1B00042D7DC /* LogInUITestsLaunchTests.swift */ = {isa = PBXFileReference; lastKnownFileType = sourcecode.swift; path = LogInUITestsLaunchTests.swift; sourceTree = "<group>"; };
/* End PBXFileReference section */

/* Begin PBXFrameworksBuildPhase section */
		4068D2B22B7BA1AF0042D7DC /* Frameworks */ = {
			isa = PBXFrameworksBuildPhase;
			buildActionMask = 2147483647;
			files = (
			);
			runOnlyForDeploymentPostprocessing = 0;
		};
		4068D2C82B7BA1B00042D7DC /* Frameworks */ = {
			isa = PBXFrameworksBuildPhase;
			buildActionMask = 2147483647;
			files = (
			);
			runOnlyForDeploymentPostprocessing = 0;
		};
		4068D2D22B7BA1B00042D7DC /* Frameworks */ = {
			isa = PBXFrameworksBuildPhase;
			buildActionMask = 2147483647;
			files = (
			);
			runOnlyForDeploymentPostprocessing = 0;
		};
/* End PBXFrameworksBuildPhase section */

/* Begin PBXGroup section */
		4068D2AC2B7BA1AF0042D7DC = {
			isa = PBXGroup;
			children = (
				4068D2B72B7BA1AF0042D7DC /* LogIn */,
				4068D2CE2B7BA1B00042D7DC /* LogInTests */,
				4068D2D82B7BA1B00042D7DC /* LogInUITests */,
				4068D2B62B7BA1AF0042D7DC /* Products */,
			);
			sourceTree = "<group>";
		};
		4068D2B62B7BA1AF0042D7DC /* Products */ = {
			isa = PBXGroup;
			children = (
				4068D2B52B7BA1AF0042D7DC /* LogIn.app */,
				4068D2CB2B7BA1B00042D7DC /* LogInTests.xctest */,
				4068D2D52B7BA1B00042D7DC /* LogInUITests.xctest */,
			);
			name = Products;
			sourceTree = "<group>";
		};
		4068D2B72B7BA1AF0042D7DC /* LogIn */ = {
			isa = PBXGroup;
			children = (
				4068D2B82B7BA1AF0042D7DC /* AppDelegate.swift */,
				4068D2BA2B7BA1AF0042D7DC /* SceneDelegate.swift */,
				4068D2BC2B7BA1AF0042D7DC /* ViewController.swift */,
				4068D2BE2B7BA1AF0042D7DC /* Main.storyboard */,
				4068D2C12B7BA1B00042D7DC /* Assets.xcassets */,
				4068D2C32B7BA1B00042D7DC /* LaunchScreen.storyboard */,
				4068D2C62B7BA1B00042D7DC /* Info.plist */,
			);
			path = LogIn;
			sourceTree = "<group>";
		};
		4068D2CE2B7BA1B00042D7DC /* LogInTests */ = {
			isa = PBXGroup;
			children = (
				4068D2CF2B7BA1B00042D7DC /* LogInTests.swift */,
			);
			path = LogInTests;
			sourceTree = "<group>";
		};
		4068D2D82B7BA1B00042D7DC /* LogInUITests */ = {
			isa = PBXGroup;
			children = (
				4068D2D92B7BA1B00042D7DC /* LogInUITests.swift */,
				4068D2DB2B7BA1B00042D7DC /* LogInUITestsLaunchTests.swift */,
			);
			path = LogInUITests;
			sourceTree = "<group>";
		};
/* End PBXGroup section */

/* Begin PBXNativeTarget section */
		4068D2B42B7BA1AF0042D7DC /* LogIn */ = {
			isa = PBXNativeTarget;
			buildConfigurationList = 4068D2DF2B7BA1B00042D7DC /* Build configuration list for PBXNativeTarget "LogIn" */;
			buildPhases = (
				4068D2B12B7BA1AF0042D7DC /* Sources */,
				4068D2B22B7BA1AF0042D7DC /* Frameworks */,
				4068D2B32B7BA1AF0042D7DC /* Resources */,
			);
			buildRules = (
			);
			dependencies = (
			);
			name = LogIn;
			productName = LogIn;
			productReference = 4068D2B52B7BA1AF0042D7DC /* LogIn.app */;
			productType = "com.apple.product-type.application";
		};
		4068D2CA2B7BA1B00042D7DC /* LogInTests */ = {
			isa = PBXNativeTarget;
			buildConfigurationList = 4068D2E22B7BA1B00042D7DC /* Build configuration list for PBXNativeTarget "LogInTests" */;
			buildPhases = (
				4068D2C72B7BA1B00042D7DC /* Sources */,
				4068D2C82B7BA1B00042D7DC /* Frameworks */,
				4068D2C92B7BA1B00042D7DC /* Resources */,
			);
			buildRules = (
			);
			dependencies = (
				4068D2CD2B7BA1B00042D7DC /* PBXTargetDependency */,
			);
			name = LogInTests;
			productName = LogInTests;
			productReference = 4068D2CB2B7BA1B00042D7DC /* LogInTests.xctest */;
			productType = "com.apple.product-type.bundle.unit-test";
		};
		4068D2D42B7BA1B00042D7DC /* LogInUITests */ = {
			isa = PBXNativeTarget;
			buildConfigurationList = 4068D2E52B7BA1B00042D7DC /* Build configuration list for PBXNativeTarget "LogInUITests" */;
			buildPhases = (
				4068D2D12B7BA1B00042D7DC /* Sources */,
				4068D2D22B7BA1B00042D7DC /* Frameworks */,
				4068D2D32B7BA1B00042D7DC /* Resources */,
			);
			buildRules = (
			);
			dependencies = (
				4068D2D72B7BA1B00042D7DC /* PBXTargetDependency */,
			);
			name = LogInUITests;
			productName = LogInUITests;
			productReference = 4068D2D52B7BA1B00042D7DC /* LogInUITests.xctest */;
			productType = "com.apple.product-type.bundle.ui-testing";
		};
/* End PBXNativeTarget section */

/* Begin PBXProject section */
		4068D2AD2B7BA1AF0042D7DC /* Project object */ = {
			isa = PBXProject;
			attributes = {
				BuildIndependentTargetsInParallel = 1;
				LastSwiftUpdateCheck = 1430;
				LastUpgradeCheck = 1430;
				TargetAttributes = {
					4068D2B42B7BA1AF0042D7DC = {
						CreatedOnToolsVersion = 14.3;
					};
					4068D2CA2B7BA1B00042D7DC = {
						CreatedOnToolsVersion = 14.3;
						TestTargetID = 4068D2B42B7BA1AF0042D7DC;
					};
					4068D2D42B7BA1B00042D7DC = {
						CreatedOnToolsVersion = 14.3;
						TestTargetID = 4068D2B42B7BA1AF0042D7DC;
					};
				};
			};
			buildConfigurationList = 4068D2B02B7BA1AF0042D7DC /* Build configuration list for PBXProject "LogIn" */;
			compatibilityVersion = "Xcode 14.0";
			developmentRegion = en;
			hasScannedForEncodings = 0;
			knownRegions = (
				en,
				Base,
			);
			mainGroup = 4068D2AC2B7BA1AF0042D7DC;
			productRefGroup = 4068D2B62B7BA1AF0042D7DC /* Products */;
			projectDirPath = "";
			projectRoot = "";
			targets = (
				4068D2B42B7BA1AF0042D7DC /* LogIn */,
				4068D2CA2B7BA1B00042D7DC /* LogInTests */,
				4068D2D42B7BA1B00042D7DC /* LogInUITests */,
			);
		};
/* End PBXProject section */

/* Begin PBXResourcesBuildPhase section */
		4068D2B32B7BA1AF0042D7DC /* Resources */ = {
			isa = PBXResourcesBuildPhase;
			buildActionMask = 2147483647;
			files = (
				4068D2C52B7BA1B00042D7DC /* LaunchScreen.storyboard in Resources */,
				4068D2C22B7BA1B00042D7DC /* Assets.xcassets in Resources */,
				4068D2C02B7BA1AF0042D7DC /* Main.storyboard in Resources */,
			);
			runOnlyForDeploymentPostprocessing = 0;
		};
		4068D2C92B7BA1B00042D7DC /* Resources */ = {
			isa = PBXResourcesBuildPhase;
			buildActionMask = 2147483647;
			files = (
			);
			runOnlyForDeploymentPostprocessing = 0;
		};
		4068D2D32B7BA1B00042D7DC /* Resources */ = {
			isa = PBXResourcesBuildPhase;
			buildActionMask = 2147483647;
			files = (
			);
			runOnlyForDeploymentPostprocessing = 0;
		};
/* End PBXResourcesBuildPhase section */

/* Begin PBXSourcesBuildPhase section */
		4068D2B12B7BA1AF0042D7DC /* Sources */ = {
			isa = PBXSourcesBuildPhase;
			buildActionMask = 2147483647;
			files = (
				4068D2BD2B7BA1AF0042D7DC /* ViewController.swift in Sources */,
				4068D2B92B7BA1AF0042D7DC /* AppDelegate.swift in Sources */,
				4068D2BB2B7BA1AF0042D7DC /* SceneDelegate.swift in Sources */,
			);
			runOnlyForDeploymentPostprocessing = 0;
		};
		4068D2C72B7BA1B00042D7DC /* Sources */ = {
			isa = PBXSourcesBuildPhase;
			buildActionMask = 2147483647;
			files = (
				4068D2D02B7BA1B00042D7DC /* LogInTests.swift in Sources */,
			);
			runOnlyForDeploymentPostprocessing = 0;
		};
		4068D2D12B7BA1B00042D7DC /* Sources */ = {
			isa = PBXSourcesBuildPhase;
			buildActionMask = 2147483647;
			files = (
				4068D2DC2B7BA1B00042D7DC /* LogInUITestsLaunchTests.swift in Sources */,
				4068D2DA2B7BA1B00042D7DC /* LogInUITests.swift in Sources */,
			);
			runOnlyForDeploymentPostprocessing = 0;
		};
/* End PBXSourcesBuildPhase section */

/* Begin PBXTargetDependency section */
		4068D2CD2B7BA1B00042D7DC /* PBXTargetDependency */ = {
			isa = PBXTargetDependency;
			target = 4068D2B42B7BA1AF0042D7DC /* LogIn */;
			targetProxy = 4068D2CC2B7BA1B00042D7DC /* PBXContainerItemProxy */;
		};
		4068D2D72B7BA1B00042D7DC /* PBXTargetDependency */ = {
			isa = PBXTargetDependency;
			target = 4068D2B42B7BA1AF0042D7DC /* LogIn */;
			targetProxy = 4068D2D62B7BA1B00042D7DC /* PBXContainerItemProxy */;
		};
/* End PBXTargetDependency section */

/* Begin PBXVariantGroup section */
		4068D2BE2B7BA1AF0042D7DC /* Main.storyboard */ = {
			isa = PBXVariantGroup;
			children = (
				4068D2BF2B7BA1AF0042D7DC /* Base */,
			);
			name = Main.storyboard;
			sourceTree = "<group>";
		};
		4068D2C32B7BA1B00042D7DC /* LaunchScreen.storyboard */ = {
			isa = PBXVariantGroup;
			children = (
				4068D2C42B7BA1B00042D7DC /* Base */,
			);
			name = LaunchScreen.storyboard;
			sourceTree = "<group>";
		};
/* End PBXVariantGroup section */

/* Begin XCBuildConfiguration section */
		4068D2DD2B7BA1B00042D7DC /* Debug */ = {
			isa = XCBuildConfiguration;
			buildSettings = {
				ALWAYS_SEARCH_USER_PATHS = NO;
				CLANG_ANALYZER_NONNULL = YES;
				CLANG_ANALYZER_NUMBER_OBJECT_CONVERSION = YES_AGGRESSIVE;
				CLANG_CXX_LANGUAGE_STANDARD = "gnu++20";
				CLANG_ENABLE_MODULES = YES;
				CLANG_ENABLE_OBJC_ARC = YES;
				CLANG_ENABLE_OBJC_WEAK = YES;
				CLANG_WARN_BLOCK_CAPTURE_AUTORELEASING = YES;
				CLANG_WARN_BOOL_CONVERSION = YES;
				CLANG_WARN_COMMA = YES;
				CLANG_WARN_CONSTANT_CONVERSION = YES;
				CLANG_WARN_DEPRECATED_OBJC_IMPLEMENTATIONS = YES;
				CLANG_WARN_DIRECT_OBJC_ISA_USAGE = YES_ERROR;
				CLANG_WARN_DOCUMENTATION_COMMENTS = YES;
				CLANG_WARN_EMPTY_BODY = YES;
				CLANG_WARN_ENUM_CONVERSION = YES;
				CLANG_WARN_INFINITE_RECURSION = YES;
				CLANG_WARN_INT_CONVERSION = YES;
				CLANG_WARN_NON_LITERAL_NULL_CONVERSION = YES;
				CLANG_WARN_OBJC_IMPLICIT_RETAIN_SELF = YES;
				CLANG_WARN_OBJC_LITERAL_CONVERSION = YES;
				CLANG_WARN_OBJC_ROOT_CLASS = YES_ERROR;
				CLANG_WARN_QUOTED_INCLUDE_IN_FRAMEWORK_HEADER = YES;
				CLANG_WARN_RANGE_LOOP_ANALYSIS = YES;
				CLANG_WARN_STRICT_PROTOTYPES = YES;
				CLANG_WARN_SUSPICIOUS_MOVE = YES;
				CLANG_WARN_UNGUARDED_AVAILABILITY = YES_AGGRESSIVE;
				CLANG_WARN_UNREACHABLE_CODE = YES;
				CLANG_WARN__DUPLICATE_METHOD_MATCH = YES;
				COPY_PHASE_STRIP = NO;
				DEBUG_INFORMATION_FORMAT = dwarf;
				ENABLE_STRICT_OBJC_MSGSEND = YES;
				ENABLE_TESTABILITY = YES;
				GCC_C_LANGUAGE_STANDARD = gnu11;
				GCC_DYNAMIC_NO_PIC = NO;
				GCC_NO_COMMON_BLOCKS = YES;
				GCC_OPTIMIZATION_LEVEL = 0;
				GCC_PREPROCESSOR_DEFINITIONS = (
					"DEBUG=1",
					"$(inherited)",
				);
				GCC_WARN_64_TO_32_BIT_CONVERSION = YES;
				GCC_WARN_ABOUT_RETURN_TYPE = YES_ERROR;
				GCC_WARN_UNDECLARED_SELECTOR = YES;
				GCC_WARN_UNINITIALIZED_AUTOS = YES_AGGRESSIVE;
				GCC_WARN_UNUSED_FUNCTION = YES;
				GCC_WARN_UNUSED_VARIABLE = YES;
				IPHONEOS_DEPLOYMENT_TARGET = 16.4;
				MTL_ENABLE_DEBUG_INFO = INCLUDE_SOURCE;
				MTL_FAST_MATH = YES;
				ONLY_ACTIVE_ARCH = YES;
				SDKROOT = iphoneos;
				SWIFT_ACTIVE_COMPILATION_CONDITIONS = DEBUG;
				SWIFT_OPTIMIZATION_LEVEL = "-Onone";
			};
			name = Debug;
		};
		4068D2DE2B7BA1B00042D7DC /* Release */ = {
			isa = XCBuildConfiguration;
			buildSettings = {
				ALWAYS_SEARCH_USER_PATHS = NO;
				CLANG_ANALYZER_NONNULL = YES;
				CLANG_ANALYZER_NUMBER_OBJECT_CONVERSION = YES_AGGRESSIVE;
				CLANG_CXX_LANGUAGE_STANDARD = "gnu++20";
				CLANG_ENABLE_MODULES = YES;
				CLANG_ENABLE_OBJC_ARC = YES;
				CLANG_ENABLE_OBJC_WEAK = YES;
				CLANG_WARN_BLOCK_CAPTURE_AUTORELEASING = YES;
				CLANG_WARN_BOOL_CONVERSION = YES;
				CLANG_WARN_COMMA = YES;
				CLANG_WARN_CONSTANT_CONVERSION = YES;
				CLANG_WARN_DEPRECATED_OBJC_IMPLEMENTATIONS = YES;
				CLANG_WARN_DIRECT_OBJC_ISA_USAGE = YES_ERROR;
				CLANG_WARN_DOCUMENTATION_COMMENTS = YES;
				CLANG_WARN_EMPTY_BODY = YES;
				CLANG_WARN_ENUM_CONVERSION = YES;
				CLANG_WARN_INFINITE_RECURSION = YES;
				CLANG_WARN_INT_CONVERSION = YES;
				CLANG_WARN_NON_LITERAL_NULL_CONVERSION = YES;
				CLANG_WARN_OBJC_IMPLICIT_RETAIN_SELF = YES;
				CLANG_WARN_OBJC_LITERAL_CONVERSION = YES;
				CLANG_WARN_OBJC_ROOT_CLASS = YES_ERROR;
				CLANG_WARN_QUOTED_INCLUDE_IN_FRAMEWORK_HEADER = YES;
				CLANG_WARN_RANGE_LOOP_ANALYSIS = YES;
				CLANG_WARN_STRICT_PROTOTYPES = YES;
				CLANG_WARN_SUSPICIOUS_MOVE = YES;
				CLANG_WARN_UNGUARDED_AVAILABILITY = YES_AGGRESSIVE;
				CLANG_WARN_UNREACHABLE_CODE = YES;
				CLANG_WARN__DUPLICATE_METHOD_MATCH = YES;
				COPY_PHASE_STRIP = NO;
				DEBUG_INFORMATION_FORMAT = "dwarf-with-dsym";
				ENABLE_NS_ASSERTIONS = NO;
				ENABLE_STRICT_OBJC_MSGSEND = YES;
				GCC_C_LANGUAGE_STANDARD = gnu11;
				GCC_NO_COMMON_BLOCKS = YES;
				GCC_WARN_64_TO_32_BIT_CONVERSION = YES;
				GCC_WARN_ABOUT_RETURN_TYPE = YES_ERROR;
				GCC_WARN_UNDECLARED_SELECTOR = YES;
				GCC_WARN_UNINITIALIZED_AUTOS = YES_AGGRESSIVE;
				GCC_WARN_UNUSED_FUNCTION = YES;
				GCC_WARN_UNUSED_VARIABLE = YES;
				IPHONEOS_DEPLOYMENT_TARGET = 16.4;
				MTL_ENABLE_DEBUG_INFO = NO;
				MTL_FAST_MATH = YES;
				SDKROOT = iphoneos;
				SWIFT_COMPILATION_MODE = wholemodule;
				SWIFT_OPTIMIZATION_LEVEL = "-O";
				VALIDATE_PRODUCT = YES;
			};
			name = Release;
		};
		4068D2E02B7BA1B00042D7DC /* Debug */ = {
			isa = XCBuildConfiguration;
			buildSettings = {
				ASSETCATALOG_COMPILER_APPICON_NAME = AppIcon;
				ASSETCATALOG_COMPILER_GLOBAL_ACCENT_COLOR_NAME = AccentColor;
				CODE_SIGN_STYLE = Automatic;
				CURRENT_PROJECT_VERSION = 1;
				GENERATE_INFOPLIST_FILE = YES;
				INFOPLIST_FILE = LogIn/Info.plist;
				INFOPLIST_KEY_UIApplicationSupportsIndirectInputEvents = YES;
				INFOPLIST_KEY_UILaunchStoryboardName = LaunchScreen;
				INFOPLIST_KEY_UIMainStoryboardFile = Main;
				INFOPLIST_KEY_UISupportedInterfaceOrientations_iPad = "UIInterfaceOrientationPortrait UIInterfaceOrientationPortraitUpsideDown UIInterfaceOrientationLandscapeLeft UIInterfaceOrientationLandscapeRight";
				INFOPLIST_KEY_UISupportedInterfaceOrientations_iPhone = "UIInterfaceOrientationPortrait UIInterfaceOrientationLandscapeLeft UIInterfaceOrientationLandscapeRight";
				LD_RUNPATH_SEARCH_PATHS = (
					"$(inherited)",
					"@executable_path/Frameworks",
				);
				MARKETING_VERSION = 1.0;
				PRODUCT_BUNDLE_IDENTIFIER = com.example.LogIn;
				PRODUCT_NAME = "$(TARGET_NAME)";
				SWIFT_EMIT_LOC_STRINGS = YES;
				SWIFT_VERSION = 5.0;
				TARGETED_DEVICE_FAMILY = "1,2";
			};
			name = Debug;
		};
		4068D2E12B7BA1B00042D7DC /* Release */ = {
			isa = XCBuildConfiguration;
			buildSettings = {
				ASSETCATALOG_COMPILER_APPICON_NAME = AppIcon;
				ASSETCATALOG_COMPILER_GLOBAL_ACCENT_COLOR_NAME = AccentColor;
				CODE_SIGN_STYLE = Automatic;
				CURRENT_PROJECT_VERSION = 1;
				GENERATE_INFOPLIST_FILE = YES;
				INFOPLIST_FILE = LogIn/Info.plist;
				INFOPLIST_KEY_UIApplicationSupportsIndirectInputEvents = YES;
				INFOPLIST_KEY_UILaunchStoryboardName = LaunchScreen;
				INFOPLIST_KEY_UIMainStoryboardFile = Main;
				INFOPLIST_KEY_UISupportedInterfaceOrientations_iPad = "UIInterfaceOrientationPortrait UIInterfaceOrientationPortraitUpsideDown UIInterfaceOrientationLandscapeLeft UIInterfaceOrientationLandscapeRight";
				INFOPLIST_KEY_UISupportedInterfaceOrientations_iPhone = "UIInterfaceOrientationPortrait UIInterfaceOrientationLandscapeLeft UIInterfaceOrientationLandscapeRight";
				LD_RUNPATH_SEARCH_PATHS = (
					"$(inherited)",
					"@executable_path/Frameworks",
				);
				MARKETING_VERSION = 1.0;
				PRODUCT_BUNDLE_IDENTIFIER = com.example.LogIn;
				PRODUCT_NAME = "$(TARGET_NAME)";
				SWIFT_EMIT_LOC_STRINGS = YES;
				SWIFT_VERSION = 5.0;
				TARGETED_DEVICE_FAMILY = "1,2";
			};
			name = Release;
		};
		4068D2E32B7BA1B00042D7DC /* Debug */ = {
			isa = XCBuildConfiguration;
			buildSettings = {
				ALWAYS_EMBED_SWIFT_STANDARD_LIBRARIES = YES;
				BUNDLE_LOADER = "$(TEST_HOST)";
				CODE_SIGN_STYLE = Automatic;
				CURRENT_PROJECT_VERSION = 1;
				GENERATE_INFOPLIST_FILE = YES;
				IPHONEOS_DEPLOYMENT_TARGET = 16.4;
				MARKETING_VERSION = 1.0;
				PRODUCT_BUNDLE_IDENTIFIER = com.example.LogInTests;
				PRODUCT_NAME = "$(TARGET_NAME)";
				SWIFT_EMIT_LOC_STRINGS = NO;
				SWIFT_VERSION = 5.0;
				TARGETED_DEVICE_FAMILY = "1,2";
				TEST_HOST = "$(BUILT_PRODUCTS_DIR)/LogIn.app/$(BUNDLE_EXECUTABLE_FOLDER_PATH)/LogIn";
			};
			name = Debug;
		};
		4068D2E42B7BA1B00042D7DC /* Release */ = {
			isa = XCBuildConfiguration;
			buildSettings = {
				ALWAYS_EMBED_SWIFT_STANDARD_LIBRARIES = YES;
				BUNDLE_LOADER = "$(TEST_HOST)";
				CODE_SIGN_STYLE = Automatic;
				CURRENT_PROJECT_VERSION = 1;
				GENERATE_INFOPLIST_FILE = YES;
				IPHONEOS_DEPLOYMENT_TARGET = 16.4;
				MARKETING_VERSION = 1.0;
				PRODUCT_BUNDLE_IDENTIFIER = com.example.LogInTests;
				PRODUCT_NAME = "$(TARGET_NAME)";
				SWIFT_EMIT_LOC_STRINGS = NO;
				SWIFT_VERSION = 5.0;
				TARGETED_DEVICE_FAMILY = "1,2";
				TEST_HOST = "$(BUILT_PRODUCTS_DIR)/LogIn.app/$(BUNDLE_EXECUTABLE_FOLDER_PATH)/LogIn";
			};
			name = Release;
		};
		4068D2E62B7BA1B00042D7DC /* Debug */ = {
			isa = XCBuildConfiguration;
			buildSettings = {
				ALWAYS_EMBED_SWIFT_STANDARD_LIBRARIES = YES;
				CODE_SIGN_STYLE = Automatic;
				CURRENT_PROJECT_VERSION = 1;
				GENERATE_INFOPLIST_FILE = YES;
				MARKETING_VERSION = 1.0;
				PRODUCT_BUNDLE_IDENTIFIER = com.example.LogInUITests;
				PRODUCT_NAME = "$(TARGET_NAME)";
				SWIFT_EMIT_LOC_STRINGS = NO;
				SWIFT_VERSION = 5.0;
				TARGETED_DEVICE_FAMILY = "1,2";
				TEST_TARGET_NAME = LogIn;
			};
			name = Debug;
		};
		4068D2E72B7BA1B00042D7DC /* Release */ = {
			isa = XCBuildConfiguration;
			buildSettings = {
				ALWAYS_EMBED_SWIFT_STANDARD_LIBRARIES = YES;
				CODE_SIGN_STYLE = Automatic;
				CURRENT_PROJECT_VERSION = 1;
				GENERATE_INFOPLIST_FILE = YES;
				MARKETING_VERSION = 1.0;
				PRODUCT_BUNDLE_IDENTIFIER = com.example.LogInUITests;
				PRODUCT_NAME = "$(TARGET_NAME)";
				SWIFT_EMIT_LOC_STRINGS = NO;
				SWIFT_VERSION = 5.0;
				TARGETED_DEVICE_FAMILY = "1,2";
				TEST_TARGET_NAME = LogIn;
			};
			name = Release;
		};
/* End XCBuildConfiguration section */

/* Begin XCConfigurationList section */
		4068D2B02B7BA1AF0042D7DC /* Build configuration list for PBXProject "LogIn" */ = {
			isa = XCConfigurationList;
			buildConfigurations = (
				4068D2DD2B7BA1B00042D7DC /* Debug */,
				4068D2DE2B7BA1B00042D7DC /* Release */,
			);
			defaultConfigurationIsVisible = 0;
			defaultConfigurationName = Release;
		};
		4068D2DF2B7BA1B00042D7DC /* Build configuration list for PBXNativeTarget "LogIn" */ = {
			isa = XCConfigurationList;
			buildConfigurations = (
				4068D2E02B7BA1B00042D7DC /* Debug */,
				4068D2E12B7BA1B00042D7DC /* Release */,
			);
			defaultConfigurationIsVisible = 0;
			defaultConfigurationName = Release;
		};
		4068D2E22B7BA1B00042D7DC /* Build configuration list for PBXNativeTarget "LogInTests" */ = {
			isa = XCConfigurationList;
			buildConfigurations = (
				4068D2E32B7BA1B00042D7DC /* Debug */,
				4068D2E42B7BA1B00042D7DC /* Release */,
			);
			defaultConfigurationIsVisible = 0;
			defaultConfigurationName = Release;
		};
		4068D2E52B7BA1B00042D7DC /* Build configuration list for PBXNativeTarget "LogInUITests" */ = {
			isa = XCConfigurationList;
			buildConfigurations = (
				4068D2E62B7BA1B00042D7DC /* Debug */,
				4068D2E72B7BA1B00042D7DC /* Release */,
			);
			defaultConfigurationIsVisible = 0;
			defaultConfigurationName = Release;
		};
/* End XCConfigurationList section */
	};
	rootObject = 4068D2AD2B7BA1AF0042D7DC /* Project object */;
}
