// !$*UTF8*$!
{
	archiveVersion = 1;
	classes = {
	};
	objectVersion = 56;
	objects = {

/* Begin PBXBuildFile section */
		400EF2DE2B84C0E200A8457E /* AppDelegate.swift in Sources */ = {isa = PBXBuildFile; fileRef = 400EF2DD2B84C0E200A8457E /* AppDelegate.swift */; };
		400EF2E02B84C0E200A8457E /* SceneDelegate.swift in Sources */ = {isa = PBXBuildFile; fileRef = 400EF2DF2B84C0E200A8457E /* SceneDelegate.swift */; };
		400EF2E22B84C0E200A8457E /* ViewController.swift in Sources */ = {isa = PBXBuildFile; fileRef = 400EF2E12B84C0E200A8457E /* ViewController.swift */; };
		400EF2E52B84C0E200A8457E /* Main.storyboard in Resources */ = {isa = PBXBuildFile; fileRef = 400EF2E32B84C0E200A8457E /* Main.storyboard */; };
		400EF2E72B84C0E300A8457E /* Assets.xcassets in Resources */ = {isa = PBXBuildFile; fileRef = 400EF2E62B84C0E300A8457E /* Assets.xcassets */; };
		400EF2EA2B84C0E300A8457E /* LaunchScreen.storyboard in Resources */ = {isa = PBXBuildFile; fileRef = 400EF2E82B84C0E300A8457E /* LaunchScreen.storyboard */; };
		400EF2F52B84C0E300A8457E /* NavigationControllerTests.swift in Sources */ = {isa = PBXBuildFile; fileRef = 400EF2F42B84C0E300A8457E /* NavigationControllerTests.swift */; };
		400EF2FF2B84C0E300A8457E /* NavigationControllerUITests.swift in Sources */ = {isa = PBXBuildFile; fileRef = 400EF2FE2B84C0E300A8457E /* NavigationControllerUITests.swift */; };
		400EF3012B84C0E300A8457E /* NavigationControllerUITestsLaunchTests.swift in Sources */ = {isa = PBXBuildFile; fileRef = 400EF3002B84C0E300A8457E /* NavigationControllerUITestsLaunchTests.swift */; };
/* End PBXBuildFile section */

/* Begin PBXContainerItemProxy section */
		400EF2F12B84C0E300A8457E /* PBXContainerItemProxy */ = {
			isa = PBXContainerItemProxy;
			containerPortal = 400EF2D22B84C0E100A8457E /* Project object */;
			proxyType = 1;
			remoteGlobalIDString = 400EF2D92B84C0E200A8457E;
			remoteInfo = NavigationController;
		};
		400EF2FB2B84C0E300A8457E /* PBXContainerItemProxy */ = {
			isa = PBXContainerItemProxy;
			containerPortal = 400EF2D22B84C0E100A8457E /* Project object */;
			proxyType = 1;
			remoteGlobalIDString = 400EF2D92B84C0E200A8457E;
			remoteInfo = NavigationController;
		};
/* End PBXContainerItemProxy section */

/* Begin PBXFileReference section */
		400EF2DA2B84C0E200A8457E /* NavigationController.app */ = {isa = PBXFileReference; explicitFileType = wrapper.application; includeInIndex = 0; path = NavigationController.app; sourceTree = BUILT_PRODUCTS_DIR; };
		400EF2DD2B84C0E200A8457E /* AppDelegate.swift */ = {isa = PBXFileReference; lastKnownFileType = sourcecode.swift; path = AppDelegate.swift; sourceTree = "<group>"; };
		400EF2DF2B84C0E200A8457E /* SceneDelegate.swift */ = {isa = PBXFileReference; lastKnownFileType = sourcecode.swift; path = SceneDelegate.swift; sourceTree = "<group>"; };
		400EF2E12B84C0E200A8457E /* ViewController.swift */ = {isa = PBXFileReference; lastKnownFileType = sourcecode.swift; path = ViewController.swift; sourceTree = "<group>"; };
		400EF2E42B84C0E200A8457E /* Base */ = {isa = PBXFileReference; lastKnownFileType = file.storyboard; name = Base; path = Base.lproj/Main.storyboard; sourceTree = "<group>"; };
		400EF2E62B84C0E300A8457E /* Assets.xcassets */ = {isa = PBXFileReference; lastKnownFileType = folder.assetcatalog; path = Assets.xcassets; sourceTree = "<group>"; };
		400EF2E92B84C0E300A8457E /* Base */ = {isa = PBXFileReference; lastKnownFileType = file.storyboard; name = Base; path = Base.lproj/LaunchScreen.storyboard; sourceTree = "<group>"; };
		400EF2EB2B84C0E300A8457E /* Info.plist */ = {isa = PBXFileReference; lastKnownFileType = text.plist.xml; path = Info.plist; sourceTree = "<group>"; };
		400EF2F02B84C0E300A8457E /* NavigationControllerTests.xctest */ = {isa = PBXFileReference; explicitFileType = wrapper.cfbundle; includeInIndex = 0; path = NavigationControllerTests.xctest; sourceTree = BUILT_PRODUCTS_DIR; };
		400EF2F42B84C0E300A8457E /* NavigationControllerTests.swift */ = {isa = PBXFileReference; lastKnownFileType = sourcecode.swift; path = NavigationControllerTests.swift; sourceTree = "<group>"; };
		400EF2FA2B84C0E300A8457E /* NavigationControllerUITests.xctest */ = {isa = PBXFileReference; explicitFileType = wrapper.cfbundle; includeInIndex = 0; path = NavigationControllerUITests.xctest; sourceTree = BUILT_PRODUCTS_DIR; };
		400EF2FE2B84C0E300A8457E /* NavigationControllerUITests.swift */ = {isa = PBXFileReference; lastKnownFileType = sourcecode.swift; path = NavigationControllerUITests.swift; sourceTree = "<group>"; };
		400EF3002B84C0E300A8457E /* NavigationControllerUITestsLaunchTests.swift */ = {isa = PBXFileReference; lastKnownFileType = sourcecode.swift; path = NavigationControllerUITestsLaunchTests.swift; sourceTree = "<group>"; };
/* End PBXFileReference section */

/* Begin PBXFrameworksBuildPhase section */
		400EF2D72B84C0E200A8457E /* Frameworks */ = {
			isa = PBXFrameworksBuildPhase;
			buildActionMask = 2147483647;
			files = (
			);
			runOnlyForDeploymentPostprocessing = 0;
		};
		400EF2ED2B84C0E300A8457E /* Frameworks */ = {
			isa = PBXFrameworksBuildPhase;
			buildActionMask = 2147483647;
			files = (
			);
			runOnlyForDeploymentPostprocessing = 0;
		};
		400EF2F72B84C0E300A8457E /* Frameworks */ = {
			isa = PBXFrameworksBuildPhase;
			buildActionMask = 2147483647;
			files = (
			);
			runOnlyForDeploymentPostprocessing = 0;
		};
/* End PBXFrameworksBuildPhase section */

/* Begin PBXGroup section */
		400EF2D12B84C0E100A8457E = {
			isa = PBXGroup;
			children = (
				400EF2DC2B84C0E200A8457E /* NavigationController */,
				400EF2F32B84C0E300A8457E /* NavigationControllerTests */,
				400EF2FD2B84C0E300A8457E /* NavigationControllerUITests */,
				400EF2DB2B84C0E200A8457E /* Products */,
			);
			sourceTree = "<group>";
		};
		400EF2DB2B84C0E200A8457E /* Products */ = {
			isa = PBXGroup;
			children = (
				400EF2DA2B84C0E200A8457E /* NavigationController.app */,
				400EF2F02B84C0E300A8457E /* NavigationControllerTests.xctest */,
				400EF2FA2B84C0E300A8457E /* NavigationControllerUITests.xctest */,
			);
			name = Products;
			sourceTree = "<group>";
		};
		400EF2DC2B84C0E200A8457E /* NavigationController */ = {
			isa = PBXGroup;
			children = (
				400EF2DD2B84C0E200A8457E /* AppDelegate.swift */,
				400EF2DF2B84C0E200A8457E /* SceneDelegate.swift */,
				400EF2E12B84C0E200A8457E /* ViewController.swift */,
				400EF2E32B84C0E200A8457E /* Main.storyboard */,
				400EF2E62B84C0E300A8457E /* Assets.xcassets */,
				400EF2E82B84C0E300A8457E /* LaunchScreen.storyboard */,
				400EF2EB2B84C0E300A8457E /* Info.plist */,
			);
			path = NavigationController;
			sourceTree = "<group>";
		};
		400EF2F32B84C0E300A8457E /* NavigationControllerTests */ = {
			isa = PBXGroup;
			children = (
				400EF2F42B84C0E300A8457E /* NavigationControllerTests.swift */,
			);
			path = NavigationControllerTests;
			sourceTree = "<group>";
		};
		400EF2FD2B84C0E300A8457E /* NavigationControllerUITests */ = {
			isa = PBXGroup;
			children = (
				400EF2FE2B84C0E300A8457E /* NavigationControllerUITests.swift */,
				400EF3002B84C0E300A8457E /* NavigationControllerUITestsLaunchTests.swift */,
			);
			path = NavigationControllerUITests;
			sourceTree = "<group>";
		};
/* End PBXGroup section */

/* Begin PBXNativeTarget section */
		400EF2D92B84C0E200A8457E /* NavigationController */ = {
			isa = PBXNativeTarget;
			buildConfigurationList = 400EF3042B84C0E300A8457E /* Build configuration list for PBXNativeTarget "NavigationController" */;
			buildPhases = (
				400EF2D62B84C0E200A8457E /* Sources */,
				400EF2D72B84C0E200A8457E /* Frameworks */,
				400EF2D82B84C0E200A8457E /* Resources */,
			);
			buildRules = (
			);
			dependencies = (
			);
			name = NavigationController;
			productName = NavigationController;
			productReference = 400EF2DA2B84C0E200A8457E /* NavigationController.app */;
			productType = "com.apple.product-type.application";
		};
		400EF2EF2B84C0E300A8457E /* NavigationControllerTests */ = {
			isa = PBXNativeTarget;
			buildConfigurationList = 400EF3072B84C0E300A8457E /* Build configuration list for PBXNativeTarget "NavigationControllerTests" */;
			buildPhases = (
				400EF2EC2B84C0E300A8457E /* Sources */,
				400EF2ED2B84C0E300A8457E /* Frameworks */,
				400EF2EE2B84C0E300A8457E /* Resources */,
			);
			buildRules = (
			);
			dependencies = (
				400EF2F22B84C0E300A8457E /* PBXTargetDependency */,
			);
			name = NavigationControllerTests;
			productName = NavigationControllerTests;
			productReference = 400EF2F02B84C0E300A8457E /* NavigationControllerTests.xctest */;
			productType = "com.apple.product-type.bundle.unit-test";
		};
		400EF2F92B84C0E300A8457E /* NavigationControllerUITests */ = {
			isa = PBXNativeTarget;
			buildConfigurationList = 400EF30A2B84C0E300A8457E /* Build configuration list for PBXNativeTarget "NavigationControllerUITests" */;
			buildPhases = (
				400EF2F62B84C0E300A8457E /* Sources */,
				400EF2F72B84C0E300A8457E /* Frameworks */,
				400EF2F82B84C0E300A8457E /* Resources */,
			);
			buildRules = (
			);
			dependencies = (
				400EF2FC2B84C0E300A8457E /* PBXTargetDependency */,
			);
			name = NavigationControllerUITests;
			productName = NavigationControllerUITests;
			productReference = 400EF2FA2B84C0E300A8457E /* NavigationControllerUITests.xctest */;
			productType = "com.apple.product-type.bundle.ui-testing";
		};
/* End PBXNativeTarget section */

/* Begin PBXProject section */
		400EF2D22B84C0E100A8457E /* Project object */ = {
			isa = PBXProject;
			attributes = {
				BuildIndependentTargetsInParallel = 1;
				LastSwiftUpdateCheck = 1430;
				LastUpgradeCheck = 1430;
				TargetAttributes = {
					400EF2D92B84C0E200A8457E = {
						CreatedOnToolsVersion = 14.3;
					};
					400EF2EF2B84C0E300A8457E = {
						CreatedOnToolsVersion = 14.3;
						TestTargetID = 400EF2D92B84C0E200A8457E;
					};
					400EF2F92B84C0E300A8457E = {
						CreatedOnToolsVersion = 14.3;
						TestTargetID = 400EF2D92B84C0E200A8457E;
					};
				};
			};
			buildConfigurationList = 400EF2D52B84C0E100A8457E /* Build configuration list for PBXProject "NavigationController" */;
			compatibilityVersion = "Xcode 14.0";
			developmentRegion = en;
			hasScannedForEncodings = 0;
			knownRegions = (
				en,
				Base,
			);
			mainGroup = 400EF2D12B84C0E100A8457E;
			productRefGroup = 400EF2DB2B84C0E200A8457E /* Products */;
			projectDirPath = "";
			projectRoot = "";
			targets = (
				400EF2D92B84C0E200A8457E /* NavigationController */,
				400EF2EF2B84C0E300A8457E /* NavigationControllerTests */,
				400EF2F92B84C0E300A8457E /* NavigationControllerUITests */,
			);
		};
/* End PBXProject section */

/* Begin PBXResourcesBuildPhase section */
		400EF2D82B84C0E200A8457E /* Resources */ = {
			isa = PBXResourcesBuildPhase;
			buildActionMask = 2147483647;
			files = (
				400EF2EA2B84C0E300A8457E /* LaunchScreen.storyboard in Resources */,
				400EF2E72B84C0E300A8457E /* Assets.xcassets in Resources */,
				400EF2E52B84C0E200A8457E /* Main.storyboard in Resources */,
			);
			runOnlyForDeploymentPostprocessing = 0;
		};
		400EF2EE2B84C0E300A8457E /* Resources */ = {
			isa = PBXResourcesBuildPhase;
			buildActionMask = 2147483647;
			files = (
			);
			runOnlyForDeploymentPostprocessing = 0;
		};
		400EF2F82B84C0E300A8457E /* Resources */ = {
			isa = PBXResourcesBuildPhase;
			buildActionMask = 2147483647;
			files = (
			);
			runOnlyForDeploymentPostprocessing = 0;
		};
/* End PBXResourcesBuildPhase section */

/* Begin PBXSourcesBuildPhase section */
		400EF2D62B84C0E200A8457E /* Sources */ = {
			isa = PBXSourcesBuildPhase;
			buildActionMask = 2147483647;
			files = (
				400EF2E22B84C0E200A8457E /* ViewController.swift in Sources */,
				400EF2DE2B84C0E200A8457E /* AppDelegate.swift in Sources */,
				400EF2E02B84C0E200A8457E /* SceneDelegate.swift in Sources */,
			);
			runOnlyForDeploymentPostprocessing = 0;
		};
		400EF2EC2B84C0E300A8457E /* Sources */ = {
			isa = PBXSourcesBuildPhase;
			buildActionMask = 2147483647;
			files = (
				400EF2F52B84C0E300A8457E /* NavigationControllerTests.swift in Sources */,
			);
			runOnlyForDeploymentPostprocessing = 0;
		};
		400EF2F62B84C0E300A8457E /* Sources */ = {
			isa = PBXSourcesBuildPhase;
			buildActionMask = 2147483647;
			files = (
				400EF3012B84C0E300A8457E /* NavigationControllerUITestsLaunchTests.swift in Sources */,
				400EF2FF2B84C0E300A8457E /* NavigationControllerUITests.swift in Sources */,
			);
			runOnlyForDeploymentPostprocessing = 0;
		};
/* End PBXSourcesBuildPhase section */

/* Begin PBXTargetDependency section */
		400EF2F22B84C0E300A8457E /* PBXTargetDependency */ = {
			isa = PBXTargetDependency;
			target = 400EF2D92B84C0E200A8457E /* NavigationController */;
			targetProxy = 400EF2F12B84C0E300A8457E /* PBXContainerItemProxy */;
		};
		400EF2FC2B84C0E300A8457E /* PBXTargetDependency */ = {
			isa = PBXTargetDependency;
			target = 400EF2D92B84C0E200A8457E /* NavigationController */;
			targetProxy = 400EF2FB2B84C0E300A8457E /* PBXContainerItemProxy */;
		};
/* End PBXTargetDependency section */

/* Begin PBXVariantGroup section */
		400EF2E32B84C0E200A8457E /* Main.storyboard */ = {
			isa = PBXVariantGroup;
			children = (
				400EF2E42B84C0E200A8457E /* Base */,
			);
			name = Main.storyboard;
			sourceTree = "<group>";
		};
		400EF2E82B84C0E300A8457E /* LaunchScreen.storyboard */ = {
			isa = PBXVariantGroup;
			children = (
				400EF2E92B84C0E300A8457E /* Base */,
			);
			name = LaunchScreen.storyboard;
			sourceTree = "<group>";
		};
/* End PBXVariantGroup section */

/* Begin XCBuildConfiguration section */
		400EF3022B84C0E300A8457E /* Debug */ = {
			isa = XCBuildConfiguration;
			buildSettings = {
				ALWAYS_SEARCH_USER_PATHS = NO;
				CLANG_ANALYZER_NONNULL = YES;
				CLANG_ANALYZER_NUMBER_OBJECT_CONVERSION = YES_AGGRESSIVE;
				CLANG_CXX_LANGUAGE_STANDARD = "gnu++20";
				CLANG_ENABLE_MODULES = YES;
				CLANG_ENABLE_OBJC_ARC = YES;
				CLANG_ENABLE_OBJC_WEAK = YES;
				CLANG_WARN_BLOCK_CAPTURE_AUTORELEASING = YES;
				CLANG_WARN_BOOL_CONVERSION = YES;
				CLANG_WARN_COMMA = YES;
				CLANG_WARN_CONSTANT_CONVERSION = YES;
				CLANG_WARN_DEPRECATED_OBJC_IMPLEMENTATIONS = YES;
				CLANG_WARN_DIRECT_OBJC_ISA_USAGE = YES_ERROR;
				CLANG_WARN_DOCUMENTATION_COMMENTS = YES;
				CLANG_WARN_EMPTY_BODY = YES;
				CLANG_WARN_ENUM_CONVERSION = YES;
				CLANG_WARN_INFINITE_RECURSION = YES;
				CLANG_WARN_INT_CONVERSION = YES;
				CLANG_WARN_NON_LITERAL_NULL_CONVERSION = YES;
				CLANG_WARN_OBJC_IMPLICIT_RETAIN_SELF = YES;
				CLANG_WARN_OBJC_LITERAL_CONVERSION = YES;
				CLANG_WARN_OBJC_ROOT_CLASS = YES_ERROR;
				CLANG_WARN_QUOTED_INCLUDE_IN_FRAMEWORK_HEADER = YES;
				CLANG_WARN_RANGE_LOOP_ANALYSIS = YES;
				CLANG_WARN_STRICT_PROTOTYPES = YES;
				CLANG_WARN_SUSPICIOUS_MOVE = YES;
				CLANG_WARN_UNGUARDED_AVAILABILITY = YES_AGGRESSIVE;
				CLANG_WARN_UNREACHABLE_CODE = YES;
				CLANG_WARN__DUPLICATE_METHOD_MATCH = YES;
				COPY_PHASE_STRIP = NO;
				DEBUG_INFORMATION_FORMAT = dwarf;
				ENABLE_STRICT_OBJC_MSGSEND = YES;
				ENABLE_TESTABILITY = YES;
				GCC_C_LANGUAGE_STANDARD = gnu11;
				GCC_DYNAMIC_NO_PIC = NO;
				GCC_NO_COMMON_BLOCKS = YES;
				GCC_OPTIMIZATION_LEVEL = 0;
				GCC_PREPROCESSOR_DEFINITIONS = (
					"DEBUG=1",
					"$(inherited)",
				);
				GCC_WARN_64_TO_32_BIT_CONVERSION = YES;
				GCC_WARN_ABOUT_RETURN_TYPE = YES_ERROR;
				GCC_WARN_UNDECLARED_SELECTOR = YES;
				GCC_WARN_UNINITIALIZED_AUTOS = YES_AGGRESSIVE;
				GCC_WARN_UNUSED_FUNCTION = YES;
				GCC_WARN_UNUSED_VARIABLE = YES;
				IPHONEOS_DEPLOYMENT_TARGET = 16.4;
				MTL_ENABLE_DEBUG_INFO = INCLUDE_SOURCE;
				MTL_FAST_MATH = YES;
				ONLY_ACTIVE_ARCH = YES;
				SDKROOT = iphoneos;
				SWIFT_ACTIVE_COMPILATION_CONDITIONS = DEBUG;
				SWIFT_OPTIMIZATION_LEVEL = "-Onone";
			};
			name = Debug;
		};
		400EF3032B84C0E300A8457E /* Release */ = {
			isa = XCBuildConfiguration;
			buildSettings = {
				ALWAYS_SEARCH_USER_PATHS = NO;
				CLANG_ANALYZER_NONNULL = YES;
				CLANG_ANALYZER_NUMBER_OBJECT_CONVERSION = YES_AGGRESSIVE;
				CLANG_CXX_LANGUAGE_STANDARD = "gnu++20";
				CLANG_ENABLE_MODULES = YES;
				CLANG_ENABLE_OBJC_ARC = YES;
				CLANG_ENABLE_OBJC_WEAK = YES;
				CLANG_WARN_BLOCK_CAPTURE_AUTORELEASING = YES;
				CLANG_WARN_BOOL_CONVERSION = YES;
				CLANG_WARN_COMMA = YES;
				CLANG_WARN_CONSTANT_CONVERSION = YES;
				CLANG_WARN_DEPRECATED_OBJC_IMPLEMENTATIONS = YES;
				CLANG_WARN_DIRECT_OBJC_ISA_USAGE = YES_ERROR;
				CLANG_WARN_DOCUMENTATION_COMMENTS = YES;
				CLANG_WARN_EMPTY_BODY = YES;
				CLANG_WARN_ENUM_CONVERSION = YES;
				CLANG_WARN_INFINITE_RECURSION = YES;
				CLANG_WARN_INT_CONVERSION = YES;
				CLANG_WARN_NON_LITERAL_NULL_CONVERSION = YES;
				CLANG_WARN_OBJC_IMPLICIT_RETAIN_SELF = YES;
				CLANG_WARN_OBJC_LITERAL_CONVERSION = YES;
				CLANG_WARN_OBJC_ROOT_CLASS = YES_ERROR;
				CLANG_WARN_QUOTED_INCLUDE_IN_FRAMEWORK_HEADER = YES;
				CLANG_WARN_RANGE_LOOP_ANALYSIS = YES;
				CLANG_WARN_STRICT_PROTOTYPES = YES;
				CLANG_WARN_SUSPICIOUS_MOVE = YES;
				CLANG_WARN_UNGUARDED_AVAILABILITY = YES_AGGRESSIVE;
				CLANG_WARN_UNREACHABLE_CODE = YES;
				CLANG_WARN__DUPLICATE_METHOD_MATCH = YES;
				COPY_PHASE_STRIP = NO;
				DEBUG_INFORMATION_FORMAT = "dwarf-with-dsym";
				ENABLE_NS_ASSERTIONS = NO;
				ENABLE_STRICT_OBJC_MSGSEND = YES;
				GCC_C_LANGUAGE_STANDARD = gnu11;
				GCC_NO_COMMON_BLOCKS = YES;
				GCC_WARN_64_TO_32_BIT_CONVERSION = YES;
				GCC_WARN_ABOUT_RETURN_TYPE = YES_ERROR;
				GCC_WARN_UNDECLARED_SELECTOR = YES;
				GCC_WARN_UNINITIALIZED_AUTOS = YES_AGGRESSIVE;
				GCC_WARN_UNUSED_FUNCTION = YES;
				GCC_WARN_UNUSED_VARIABLE = YES;
				IPHONEOS_DEPLOYMENT_TARGET = 16.4;
				MTL_ENABLE_DEBUG_INFO = NO;
				MTL_FAST_MATH = YES;
				SDKROOT = iphoneos;
				SWIFT_COMPILATION_MODE = wholemodule;
				SWIFT_OPTIMIZATION_LEVEL = "-O";
				VALIDATE_PRODUCT = YES;
			};
			name = Release;
		};
		400EF3052B84C0E300A8457E /* Debug */ = {
			isa = XCBuildConfiguration;
			buildSettings = {
				ASSETCATALOG_COMPILER_APPICON_NAME = AppIcon;
				ASSETCATALOG_COMPILER_GLOBAL_ACCENT_COLOR_NAME = AccentColor;
				CODE_SIGN_STYLE = Automatic;
				CURRENT_PROJECT_VERSION = 1;
				GENERATE_INFOPLIST_FILE = YES;
				INFOPLIST_FILE = NavigationController/Info.plist;
				INFOPLIST_KEY_UIApplicationSupportsIndirectInputEvents = YES;
				INFOPLIST_KEY_UILaunchStoryboardName = LaunchScreen;
				INFOPLIST_KEY_UIMainStoryboardFile = Main;
				INFOPLIST_KEY_UISupportedInterfaceOrientations_iPad = "UIInterfaceOrientationPortrait UIInterfaceOrientationPortraitUpsideDown UIInterfaceOrientationLandscapeLeft UIInterfaceOrientationLandscapeRight";
				INFOPLIST_KEY_UISupportedInterfaceOrientations_iPhone = "UIInterfaceOrientationPortrait UIInterfaceOrientationLandscapeLeft UIInterfaceOrientationLandscapeRight";
				LD_RUNPATH_SEARCH_PATHS = (
					"$(inherited)",
					"@executable_path/Frameworks",
				);
				MARKETING_VERSION = 1.0;
				PRODUCT_BUNDLE_IDENTIFIER = com.example.NavigationController;
				PRODUCT_NAME = "$(TARGET_NAME)";
				SWIFT_EMIT_LOC_STRINGS = YES;
				SWIFT_VERSION = 5.0;
				TARGETED_DEVICE_FAMILY = "1,2";
			};
			name = Debug;
		};
		400EF3062B84C0E300A8457E /* Release */ = {
			isa = XCBuildConfiguration;
			buildSettings = {
				ASSETCATALOG_COMPILER_APPICON_NAME = AppIcon;
				ASSETCATALOG_COMPILER_GLOBAL_ACCENT_COLOR_NAME = AccentColor;
				CODE_SIGN_STYLE = Automatic;
				CURRENT_PROJECT_VERSION = 1;
				GENERATE_INFOPLIST_FILE = YES;
				INFOPLIST_FILE = NavigationController/Info.plist;
				INFOPLIST_KEY_UIApplicationSupportsIndirectInputEvents = YES;
				INFOPLIST_KEY_UILaunchStoryboardName = LaunchScreen;
				INFOPLIST_KEY_UIMainStoryboardFile = Main;
				INFOPLIST_KEY_UISupportedInterfaceOrientations_iPad = "UIInterfaceOrientationPortrait UIInterfaceOrientationPortraitUpsideDown UIInterfaceOrientationLandscapeLeft UIInterfaceOrientationLandscapeRight";
				INFOPLIST_KEY_UISupportedInterfaceOrientations_iPhone = "UIInterfaceOrientationPortrait UIInterfaceOrientationLandscapeLeft UIInterfaceOrientationLandscapeRight";
				LD_RUNPATH_SEARCH_PATHS = (
					"$(inherited)",
					"@executable_path/Frameworks",
				);
				MARKETING_VERSION = 1.0;
				PRODUCT_BUNDLE_IDENTIFIER = com.example.NavigationController;
				PRODUCT_NAME = "$(TARGET_NAME)";
				SWIFT_EMIT_LOC_STRINGS = YES;
				SWIFT_VERSION = 5.0;
				TARGETED_DEVICE_FAMILY = "1,2";
			};
			name = Release;
		};
		400EF3082B84C0E300A8457E /* Debug */ = {
			isa = XCBuildConfiguration;
			buildSettings = {
				ALWAYS_EMBED_SWIFT_STANDARD_LIBRARIES = YES;
				BUNDLE_LOADER = "$(TEST_HOST)";
				CODE_SIGN_STYLE = Automatic;
				CURRENT_PROJECT_VERSION = 1;
				GENERATE_INFOPLIST_FILE = YES;
				IPHONEOS_DEPLOYMENT_TARGET = 16.4;
				MARKETING_VERSION = 1.0;
				PRODUCT_BUNDLE_IDENTIFIER = com.example.NavigationControllerTests;
				PRODUCT_NAME = "$(TARGET_NAME)";
				SWIFT_EMIT_LOC_STRINGS = NO;
				SWIFT_VERSION = 5.0;
				TARGETED_DEVICE_FAMILY = "1,2";
				TEST_HOST = "$(BUILT_PRODUCTS_DIR)/NavigationController.app/$(BUNDLE_EXECUTABLE_FOLDER_PATH)/NavigationController";
			};
			name = Debug;
		};
		400EF3092B84C0E300A8457E /* Release */ = {
			isa = XCBuildConfiguration;
			buildSettings = {
				ALWAYS_EMBED_SWIFT_STANDARD_LIBRARIES = YES;
				BUNDLE_LOADER = "$(TEST_HOST)";
				CODE_SIGN_STYLE = Automatic;
				CURRENT_PROJECT_VERSION = 1;
				GENERATE_INFOPLIST_FILE = YES;
				IPHONEOS_DEPLOYMENT_TARGET = 16.4;
				MARKETING_VERSION = 1.0;
				PRODUCT_BUNDLE_IDENTIFIER = com.example.NavigationControllerTests;
				PRODUCT_NAME = "$(TARGET_NAME)";
				SWIFT_EMIT_LOC_STRINGS = NO;
				SWIFT_VERSION = 5.0;
				TARGETED_DEVICE_FAMILY = "1,2";
				TEST_HOST = "$(BUILT_PRODUCTS_DIR)/NavigationController.app/$(BUNDLE_EXECUTABLE_FOLDER_PATH)/NavigationController";
			};
			name = Release;
		};
		400EF30B2B84C0E300A8457E /* Debug */ = {
			isa = XCBuildConfiguration;
			buildSettings = {
				ALWAYS_EMBED_SWIFT_STANDARD_LIBRARIES = YES;
				CODE_SIGN_STYLE = Automatic;
				CURRENT_PROJECT_VERSION = 1;
				GENERATE_INFOPLIST_FILE = YES;
				MARKETING_VERSION = 1.0;
				PRODUCT_BUNDLE_IDENTIFIER = com.example.NavigationControllerUITests;
				PRODUCT_NAME = "$(TARGET_NAME)";
				SWIFT_EMIT_LOC_STRINGS = NO;
				SWIFT_VERSION = 5.0;
				TARGETED_DEVICE_FAMILY = "1,2";
				TEST_TARGET_NAME = NavigationController;
			};
			name = Debug;
		};
		400EF30C2B84C0E300A8457E /* Release */ = {
			isa = XCBuildConfiguration;
			buildSettings = {
				ALWAYS_EMBED_SWIFT_STANDARD_LIBRARIES = YES;
				CODE_SIGN_STYLE = Automatic;
				CURRENT_PROJECT_VERSION = 1;
				GENERATE_INFOPLIST_FILE = YES;
				MARKETING_VERSION = 1.0;
				PRODUCT_BUNDLE_IDENTIFIER = com.example.NavigationControllerUITests;
				PRODUCT_NAME = "$(TARGET_NAME)";
				SWIFT_EMIT_LOC_STRINGS = NO;
				SWIFT_VERSION = 5.0;
				TARGETED_DEVICE_FAMILY = "1,2";
				TEST_TARGET_NAME = NavigationController;
			};
			name = Release;
		};
/* End XCBuildConfiguration section */

/* Begin XCConfigurationList section */
		400EF2D52B84C0E100A8457E /* Build configuration list for PBXProject "NavigationController" */ = {
			isa = XCConfigurationList;
			buildConfigurations = (
				400EF3022B84C0E300A8457E /* Debug */,
				400EF3032B84C0E300A8457E /* Release */,
			);
			defaultConfigurationIsVisible = 0;
			defaultConfigurationName = Release;
		};
		400EF3042B84C0E300A8457E /* Build configuration list for PBXNativeTarget "NavigationController" */ = {
			isa = XCConfigurationList;
			buildConfigurations = (
				400EF3052B84C0E300A8457E /* Debug */,
				400EF3062B84C0E300A8457E /* Release */,
			);
			defaultConfigurationIsVisible = 0;
			defaultConfigurationName = Release;
		};
		400EF3072B84C0E300A8457E /* Build configuration list for PBXNativeTarget "NavigationControllerTests" */ = {
			isa = XCConfigurationList;
			buildConfigurations = (
				400EF3082B84C0E300A8457E /* Debug */,
				400EF3092B84C0E300A8457E /* Release */,
			);
			defaultConfigurationIsVisible = 0;
			defaultConfigurationName = Release;
		};
		400EF30A2B84C0E300A8457E /* Build configuration list for PBXNativeTarget "NavigationControllerUITests" */ = {
			isa = XCConfigurationList;
			buildConfigurations = (
				400EF30B2B84C0E300A8457E /* Debug */,
				400EF30C2B84C0E300A8457E /* Release */,
			);
			defaultConfigurationIsVisible = 0;
			defaultConfigurationName = Release;
		};
/* End XCConfigurationList section */
	};
	rootObject = 400EF2D22B84C0E100A8457E /* Project object */;
}
