// !$*UTF8*$!
{
	archiveVersion = 1;
	classes = {
	};
	objectVersion = 56;
	objects = {

/* Begin PBXBuildFile section */
		40E094302B7F9C96005440C9 /* AppDelegate.swift in Sources */ = {isa = PBXBuildFile; fileRef = 40E0942F2B7F9C96005440C9 /* AppDelegate.swift */; };
		40E094322B7F9C96005440C9 /* SceneDelegate.swift in Sources */ = {isa = PBXBuildFile; fileRef = 40E094312B7F9C96005440C9 /* SceneDelegate.swift */; };
		40E094342B7F9C96005440C9 /* ViewController.swift in Sources */ = {isa = PBXBuildFile; fileRef = 40E094332B7F9C96005440C9 /* ViewController.swift */; };
		40E094372B7F9C96005440C9 /* Main.storyboard in Resources */ = {isa = PBXBuildFile; fileRef = 40E094352B7F9C96005440C9 /* Main.storyboard */; };
		40E094392B7F9C97005440C9 /* Assets.xcassets in Resources */ = {isa = PBXBuildFile; fileRef = 40E094382B7F9C97005440C9 /* Assets.xcassets */; };
		40E0943C2B7F9C97005440C9 /* LaunchScreen.storyboard in Resources */ = {isa = PBXBuildFile; fileRef = 40E0943A2B7F9C97005440C9 /* LaunchScreen.storyboard */; };
		40E094472B7F9C97005440C9 /* TransitionBetweenPagesTests.swift in Sources */ = {isa = PBXBuildFile; fileRef = 40E094462B7F9C97005440C9 /* TransitionBetweenPagesTests.swift */; };
		40E094512B7F9C97005440C9 /* TransitionBetweenPagesUITests.swift in Sources */ = {isa = PBXBuildFile; fileRef = 40E094502B7F9C97005440C9 /* TransitionBetweenPagesUITests.swift */; };
		40E094532B7F9C97005440C9 /* TransitionBetweenPagesUITestsLaunchTests.swift in Sources */ = {isa = PBXBuildFile; fileRef = 40E094522B7F9C97005440C9 /* TransitionBetweenPagesUITestsLaunchTests.swift */; };
		40E094602B7F9CED005440C9 /* ViewControllerB.swift in Sources */ = {isa = PBXBuildFile; fileRef = 40E0945F2B7F9CED005440C9 /* ViewControllerB.swift */; };
		40E094622B7FA411005440C9 /* Persons.swift in Sources */ = {isa = PBXBuildFile; fileRef = 40E094612B7FA411005440C9 /* Persons.swift */; };
/* End PBXBuildFile section */

/* Begin PBXContainerItemProxy section */
		40E094432B7F9C97005440C9 /* PBXContainerItemProxy */ = {
			isa = PBXContainerItemProxy;
			containerPortal = 40E094242B7F9C95005440C9 /* Project object */;
			proxyType = 1;
			remoteGlobalIDString = 40E0942B2B7F9C96005440C9;
			remoteInfo = TransitionBetweenPages;
		};
		40E0944D2B7F9C97005440C9 /* PBXContainerItemProxy */ = {
			isa = PBXContainerItemProxy;
			containerPortal = 40E094242B7F9C95005440C9 /* Project object */;
			proxyType = 1;
			remoteGlobalIDString = 40E0942B2B7F9C96005440C9;
			remoteInfo = TransitionBetweenPages;
		};
/* End PBXContainerItemProxy section */

/* Begin PBXFileReference section */
		40E0942C2B7F9C96005440C9 /* TransitionBetweenPages.app */ = {isa = PBXFileReference; explicitFileType = wrapper.application; includeInIndex = 0; path = TransitionBetweenPages.app; sourceTree = BUILT_PRODUCTS_DIR; };
		40E0942F2B7F9C96005440C9 /* AppDelegate.swift */ = {isa = PBXFileReference; lastKnownFileType = sourcecode.swift; path = AppDelegate.swift; sourceTree = "<group>"; };
		40E094312B7F9C96005440C9 /* SceneDelegate.swift */ = {isa = PBXFileReference; lastKnownFileType = sourcecode.swift; path = SceneDelegate.swift; sourceTree = "<group>"; };
		40E094332B7F9C96005440C9 /* ViewController.swift */ = {isa = PBXFileReference; lastKnownFileType = sourcecode.swift; path = ViewController.swift; sourceTree = "<group>"; };
		40E094362B7F9C96005440C9 /* Base */ = {isa = PBXFileReference; lastKnownFileType = file.storyboard; name = Base; path = Base.lproj/Main.storyboard; sourceTree = "<group>"; };
		40E094382B7F9C97005440C9 /* Assets.xcassets */ = {isa = PBXFileReference; lastKnownFileType = folder.assetcatalog; path = Assets.xcassets; sourceTree = "<group>"; };
		40E0943B2B7F9C97005440C9 /* Base */ = {isa = PBXFileReference; lastKnownFileType = file.storyboard; name = Base; path = Base.lproj/LaunchScreen.storyboard; sourceTree = "<group>"; };
		40E0943D2B7F9C97005440C9 /* Info.plist */ = {isa = PBXFileReference; lastKnownFileType = text.plist.xml; path = Info.plist; sourceTree = "<group>"; };
		40E094422B7F9C97005440C9 /* TransitionBetweenPagesTests.xctest */ = {isa = PBXFileReference; explicitFileType = wrapper.cfbundle; includeInIndex = 0; path = TransitionBetweenPagesTests.xctest; sourceTree = BUILT_PRODUCTS_DIR; };
		40E094462B7F9C97005440C9 /* TransitionBetweenPagesTests.swift */ = {isa = PBXFileReference; lastKnownFileType = sourcecode.swift; path = TransitionBetweenPagesTests.swift; sourceTree = "<group>"; };
		40E0944C2B7F9C97005440C9 /* TransitionBetweenPagesUITests.xctest */ = {isa = PBXFileReference; explicitFileType = wrapper.cfbundle; includeInIndex = 0; path = TransitionBetweenPagesUITests.xctest; sourceTree = BUILT_PRODUCTS_DIR; };
		40E094502B7F9C97005440C9 /* TransitionBetweenPagesUITests.swift */ = {isa = PBXFileReference; lastKnownFileType = sourcecode.swift; path = TransitionBetweenPagesUITests.swift; sourceTree = "<group>"; };
		40E094522B7F9C97005440C9 /* TransitionBetweenPagesUITestsLaunchTests.swift */ = {isa = PBXFileReference; lastKnownFileType = sourcecode.swift; path = TransitionBetweenPagesUITestsLaunchTests.swift; sourceTree = "<group>"; };
		40E0945F2B7F9CED005440C9 /* ViewControllerB.swift */ = {isa = PBXFileReference; lastKnownFileType = sourcecode.swift; path = ViewControllerB.swift; sourceTree = "<group>"; };
		40E094612B7FA411005440C9 /* Persons.swift */ = {isa = PBXFileReference; lastKnownFileType = sourcecode.swift; path = Persons.swift; sourceTree = "<group>"; };
/* End PBXFileReference section */

/* Begin PBXFrameworksBuildPhase section */
		40E094292B7F9C96005440C9 /* Frameworks */ = {
			isa = PBXFrameworksBuildPhase;
			buildActionMask = 2147483647;
			files = (
			);
			runOnlyForDeploymentPostprocessing = 0;
		};
		40E0943F2B7F9C97005440C9 /* Frameworks */ = {
			isa = PBXFrameworksBuildPhase;
			buildActionMask = 2147483647;
			files = (
			);
			runOnlyForDeploymentPostprocessing = 0;
		};
		40E094492B7F9C97005440C9 /* Frameworks */ = {
			isa = PBXFrameworksBuildPhase;
			buildActionMask = 2147483647;
			files = (
			);
			runOnlyForDeploymentPostprocessing = 0;
		};
/* End PBXFrameworksBuildPhase section */

/* Begin PBXGroup section */
		40E094232B7F9C95005440C9 = {
			isa = PBXGroup;
			children = (
				40E0942E2B7F9C96005440C9 /* TransitionBetweenPages */,
				40E094452B7F9C97005440C9 /* TransitionBetweenPagesTests */,
				40E0944F2B7F9C97005440C9 /* TransitionBetweenPagesUITests */,
				40E0942D2B7F9C96005440C9 /* Products */,
			);
			sourceTree = "<group>";
		};
		40E0942D2B7F9C96005440C9 /* Products */ = {
			isa = PBXGroup;
			children = (
				40E0942C2B7F9C96005440C9 /* TransitionBetweenPages.app */,
				40E094422B7F9C97005440C9 /* TransitionBetweenPagesTests.xctest */,
				40E0944C2B7F9C97005440C9 /* TransitionBetweenPagesUITests.xctest */,
			);
			name = Products;
			sourceTree = "<group>";
		};
		40E0942E2B7F9C96005440C9 /* TransitionBetweenPages */ = {
			isa = PBXGroup;
			children = (
				40E0942F2B7F9C96005440C9 /* AppDelegate.swift */,
				40E094312B7F9C96005440C9 /* SceneDelegate.swift */,
				40E094332B7F9C96005440C9 /* ViewController.swift */,
				40E094352B7F9C96005440C9 /* Main.storyboard */,
				40E094382B7F9C97005440C9 /* Assets.xcassets */,
				40E0943A2B7F9C97005440C9 /* LaunchScreen.storyboard */,
				40E0943D2B7F9C97005440C9 /* Info.plist */,
				40E0945F2B7F9CED005440C9 /* ViewControllerB.swift */,
				40E094612B7FA411005440C9 /* Persons.swift */,
			);
			path = TransitionBetweenPages;
			sourceTree = "<group>";
		};
		40E094452B7F9C97005440C9 /* TransitionBetweenPagesTests */ = {
			isa = PBXGroup;
			children = (
				40E094462B7F9C97005440C9 /* TransitionBetweenPagesTests.swift */,
			);
			path = TransitionBetweenPagesTests;
			sourceTree = "<group>";
		};
		40E0944F2B7F9C97005440C9 /* TransitionBetweenPagesUITests */ = {
			isa = PBXGroup;
			children = (
				40E094502B7F9C97005440C9 /* TransitionBetweenPagesUITests.swift */,
				40E094522B7F9C97005440C9 /* TransitionBetweenPagesUITestsLaunchTests.swift */,
			);
			path = TransitionBetweenPagesUITests;
			sourceTree = "<group>";
		};
/* End PBXGroup section */

/* Begin PBXNativeTarget section */
		40E0942B2B7F9C96005440C9 /* TransitionBetweenPages */ = {
			isa = PBXNativeTarget;
			buildConfigurationList = 40E094562B7F9C97005440C9 /* Build configuration list for PBXNativeTarget "TransitionBetweenPages" */;
			buildPhases = (
				40E094282B7F9C96005440C9 /* Sources */,
				40E094292B7F9C96005440C9 /* Frameworks */,
				40E0942A2B7F9C96005440C9 /* Resources */,
			);
			buildRules = (
			);
			dependencies = (
			);
			name = TransitionBetweenPages;
			productName = TransitionBetweenPages;
			productReference = 40E0942C2B7F9C96005440C9 /* TransitionBetweenPages.app */;
			productType = "com.apple.product-type.application";
		};
		40E094412B7F9C97005440C9 /* TransitionBetweenPagesTests */ = {
			isa = PBXNativeTarget;
			buildConfigurationList = 40E094592B7F9C97005440C9 /* Build configuration list for PBXNativeTarget "TransitionBetweenPagesTests" */;
			buildPhases = (
				40E0943E2B7F9C97005440C9 /* Sources */,
				40E0943F2B7F9C97005440C9 /* Frameworks */,
				40E094402B7F9C97005440C9 /* Resources */,
			);
			buildRules = (
			);
			dependencies = (
				40E094442B7F9C97005440C9 /* PBXTargetDependency */,
			);
			name = TransitionBetweenPagesTests;
			productName = TransitionBetweenPagesTests;
			productReference = 40E094422B7F9C97005440C9 /* TransitionBetweenPagesTests.xctest */;
			productType = "com.apple.product-type.bundle.unit-test";
		};
		40E0944B2B7F9C97005440C9 /* TransitionBetweenPagesUITests */ = {
			isa = PBXNativeTarget;
			buildConfigurationList = 40E0945C2B7F9C97005440C9 /* Build configuration list for PBXNativeTarget "TransitionBetweenPagesUITests" */;
			buildPhases = (
				40E094482B7F9C97005440C9 /* Sources */,
				40E094492B7F9C97005440C9 /* Frameworks */,
				40E0944A2B7F9C97005440C9 /* Resources */,
			);
			buildRules = (
			);
			dependencies = (
				40E0944E2B7F9C97005440C9 /* PBXTargetDependency */,
			);
			name = TransitionBetweenPagesUITests;
			productName = TransitionBetweenPagesUITests;
			productReference = 40E0944C2B7F9C97005440C9 /* TransitionBetweenPagesUITests.xctest */;
			productType = "com.apple.product-type.bundle.ui-testing";
		};
/* End PBXNativeTarget section */

/* Begin PBXProject section */
		40E094242B7F9C95005440C9 /* Project object */ = {
			isa = PBXProject;
			attributes = {
				BuildIndependentTargetsInParallel = 1;
				LastSwiftUpdateCheck = 1430;
				LastUpgradeCheck = 1430;
				TargetAttributes = {
					40E0942B2B7F9C96005440C9 = {
						CreatedOnToolsVersion = 14.3;
					};
					40E094412B7F9C97005440C9 = {
						CreatedOnToolsVersion = 14.3;
						TestTargetID = 40E0942B2B7F9C96005440C9;
					};
					40E0944B2B7F9C97005440C9 = {
						CreatedOnToolsVersion = 14.3;
						TestTargetID = 40E0942B2B7F9C96005440C9;
					};
				};
			};
			buildConfigurationList = 40E094272B7F9C95005440C9 /* Build configuration list for PBXProject "TransitionBetweenPages" */;
			compatibilityVersion = "Xcode 14.0";
			developmentRegion = en;
			hasScannedForEncodings = 0;
			knownRegions = (
				en,
				Base,
			);
			mainGroup = 40E094232B7F9C95005440C9;
			productRefGroup = 40E0942D2B7F9C96005440C9 /* Products */;
			projectDirPath = "";
			projectRoot = "";
			targets = (
				40E0942B2B7F9C96005440C9 /* TransitionBetweenPages */,
				40E094412B7F9C97005440C9 /* TransitionBetweenPagesTests */,
				40E0944B2B7F9C97005440C9 /* TransitionBetweenPagesUITests */,
			);
		};
/* End PBXProject section */

/* Begin PBXResourcesBuildPhase section */
		40E0942A2B7F9C96005440C9 /* Resources */ = {
			isa = PBXResourcesBuildPhase;
			buildActionMask = 2147483647;
			files = (
				40E0943C2B7F9C97005440C9 /* LaunchScreen.storyboard in Resources */,
				40E094392B7F9C97005440C9 /* Assets.xcassets in Resources */,
				40E094372B7F9C96005440C9 /* Main.storyboard in Resources */,
			);
			runOnlyForDeploymentPostprocessing = 0;
		};
		40E094402B7F9C97005440C9 /* Resources */ = {
			isa = PBXResourcesBuildPhase;
			buildActionMask = 2147483647;
			files = (
			);
			runOnlyForDeploymentPostprocessing = 0;
		};
		40E0944A2B7F9C97005440C9 /* Resources */ = {
			isa = PBXResourcesBuildPhase;
			buildActionMask = 2147483647;
			files = (
			);
			runOnlyForDeploymentPostprocessing = 0;
		};
/* End PBXResourcesBuildPhase section */

/* Begin PBXSourcesBuildPhase section */
		40E094282B7F9C96005440C9 /* Sources */ = {
			isa = PBXSourcesBuildPhase;
			buildActionMask = 2147483647;
			files = (
				40E094342B7F9C96005440C9 /* ViewController.swift in Sources */,
				40E094602B7F9CED005440C9 /* ViewControllerB.swift in Sources */,
				40E094302B7F9C96005440C9 /* AppDelegate.swift in Sources */,
				40E094622B7FA411005440C9 /* Persons.swift in Sources */,
				40E094322B7F9C96005440C9 /* SceneDelegate.swift in Sources */,
			);
			runOnlyForDeploymentPostprocessing = 0;
		};
		40E0943E2B7F9C97005440C9 /* Sources */ = {
			isa = PBXSourcesBuildPhase;
			buildActionMask = 2147483647;
			files = (
				40E094472B7F9C97005440C9 /* TransitionBetweenPagesTests.swift in Sources */,
			);
			runOnlyForDeploymentPostprocessing = 0;
		};
		40E094482B7F9C97005440C9 /* Sources */ = {
			isa = PBXSourcesBuildPhase;
			buildActionMask = 2147483647;
			files = (
				40E094512B7F9C97005440C9 /* TransitionBetweenPagesUITests.swift in Sources */,
				40E094532B7F9C97005440C9 /* TransitionBetweenPagesUITestsLaunchTests.swift in Sources */,
			);
			runOnlyForDeploymentPostprocessing = 0;
		};
/* End PBXSourcesBuildPhase section */

/* Begin PBXTargetDependency section */
		40E094442B7F9C97005440C9 /* PBXTargetDependency */ = {
			isa = PBXTargetDependency;
			target = 40E0942B2B7F9C96005440C9 /* TransitionBetweenPages */;
			targetProxy = 40E094432B7F9C97005440C9 /* PBXContainerItemProxy */;
		};
		40E0944E2B7F9C97005440C9 /* PBXTargetDependency */ = {
			isa = PBXTargetDependency;
			target = 40E0942B2B7F9C96005440C9 /* TransitionBetweenPages */;
			targetProxy = 40E0944D2B7F9C97005440C9 /* PBXContainerItemProxy */;
		};
/* End PBXTargetDependency section */

/* Begin PBXVariantGroup section */
		40E094352B7F9C96005440C9 /* Main.storyboard */ = {
			isa = PBXVariantGroup;
			children = (
				40E094362B7F9C96005440C9 /* Base */,
			);
			name = Main.storyboard;
			sourceTree = "<group>";
		};
		40E0943A2B7F9C97005440C9 /* LaunchScreen.storyboard */ = {
			isa = PBXVariantGroup;
			children = (
				40E0943B2B7F9C97005440C9 /* Base */,
			);
			name = LaunchScreen.storyboard;
			sourceTree = "<group>";
		};
/* End PBXVariantGroup section */

/* Begin XCBuildConfiguration section */
		40E094542B7F9C97005440C9 /* Debug */ = {
			isa = XCBuildConfiguration;
			buildSettings = {
				ALWAYS_SEARCH_USER_PATHS = NO;
				CLANG_ANALYZER_NONNULL = YES;
				CLANG_ANALYZER_NUMBER_OBJECT_CONVERSION = YES_AGGRESSIVE;
				CLANG_CXX_LANGUAGE_STANDARD = "gnu++20";
				CLANG_ENABLE_MODULES = YES;
				CLANG_ENABLE_OBJC_ARC = YES;
				CLANG_ENABLE_OBJC_WEAK = YES;
				CLANG_WARN_BLOCK_CAPTURE_AUTORELEASING = YES;
				CLANG_WARN_BOOL_CONVERSION = YES;
				CLANG_WARN_COMMA = YES;
				CLANG_WARN_CONSTANT_CONVERSION = YES;
				CLANG_WARN_DEPRECATED_OBJC_IMPLEMENTATIONS = YES;
				CLANG_WARN_DIRECT_OBJC_ISA_USAGE = YES_ERROR;
				CLANG_WARN_DOCUMENTATION_COMMENTS = YES;
				CLANG_WARN_EMPTY_BODY = YES;
				CLANG_WARN_ENUM_CONVERSION = YES;
				CLANG_WARN_INFINITE_RECURSION = YES;
				CLANG_WARN_INT_CONVERSION = YES;
				CLANG_WARN_NON_LITERAL_NULL_CONVERSION = YES;
				CLANG_WARN_OBJC_IMPLICIT_RETAIN_SELF = YES;
				CLANG_WARN_OBJC_LITERAL_CONVERSION = YES;
				CLANG_WARN_OBJC_ROOT_CLASS = YES_ERROR;
				CLANG_WARN_QUOTED_INCLUDE_IN_FRAMEWORK_HEADER = YES;
				CLANG_WARN_RANGE_LOOP_ANALYSIS = YES;
				CLANG_WARN_STRICT_PROTOTYPES = YES;
				CLANG_WARN_SUSPICIOUS_MOVE = YES;
				CLANG_WARN_UNGUARDED_AVAILABILITY = YES_AGGRESSIVE;
				CLANG_WARN_UNREACHABLE_CODE = YES;
				CLANG_WARN__DUPLICATE_METHOD_MATCH = YES;
				COPY_PHASE_STRIP = NO;
				DEBUG_INFORMATION_FORMAT = dwarf;
				ENABLE_STRICT_OBJC_MSGSEND = YES;
				ENABLE_TESTABILITY = YES;
				GCC_C_LANGUAGE_STANDARD = gnu11;
				GCC_DYNAMIC_NO_PIC = NO;
				GCC_NO_COMMON_BLOCKS = YES;
				GCC_OPTIMIZATION_LEVEL = 0;
				GCC_PREPROCESSOR_DEFINITIONS = (
					"DEBUG=1",
					"$(inherited)",
				);
				GCC_WARN_64_TO_32_BIT_CONVERSION = YES;
				GCC_WARN_ABOUT_RETURN_TYPE = YES_ERROR;
				GCC_WARN_UNDECLARED_SELECTOR = YES;
				GCC_WARN_UNINITIALIZED_AUTOS = YES_AGGRESSIVE;
				GCC_WARN_UNUSED_FUNCTION = YES;
				GCC_WARN_UNUSED_VARIABLE = YES;
				IPHONEOS_DEPLOYMENT_TARGET = 16.4;
				MTL_ENABLE_DEBUG_INFO = INCLUDE_SOURCE;
				MTL_FAST_MATH = YES;
				ONLY_ACTIVE_ARCH = YES;
				SDKROOT = iphoneos;
				SWIFT_ACTIVE_COMPILATION_CONDITIONS = DEBUG;
				SWIFT_OPTIMIZATION_LEVEL = "-Onone";
			};
			name = Debug;
		};
		40E094552B7F9C97005440C9 /* Release */ = {
			isa = XCBuildConfiguration;
			buildSettings = {
				ALWAYS_SEARCH_USER_PATHS = NO;
				CLANG_ANALYZER_NONNULL = YES;
				CLANG_ANALYZER_NUMBER_OBJECT_CONVERSION = YES_AGGRESSIVE;
				CLANG_CXX_LANGUAGE_STANDARD = "gnu++20";
				CLANG_ENABLE_MODULES = YES;
				CLANG_ENABLE_OBJC_ARC = YES;
				CLANG_ENABLE_OBJC_WEAK = YES;
				CLANG_WARN_BLOCK_CAPTURE_AUTORELEASING = YES;
				CLANG_WARN_BOOL_CONVERSION = YES;
				CLANG_WARN_COMMA = YES;
				CLANG_WARN_CONSTANT_CONVERSION = YES;
				CLANG_WARN_DEPRECATED_OBJC_IMPLEMENTATIONS = YES;
				CLANG_WARN_DIRECT_OBJC_ISA_USAGE = YES_ERROR;
				CLANG_WARN_DOCUMENTATION_COMMENTS = YES;
				CLANG_WARN_EMPTY_BODY = YES;
				CLANG_WARN_ENUM_CONVERSION = YES;
				CLANG_WARN_INFINITE_RECURSION = YES;
				CLANG_WARN_INT_CONVERSION = YES;
				CLANG_WARN_NON_LITERAL_NULL_CONVERSION = YES;
				CLANG_WARN_OBJC_IMPLICIT_RETAIN_SELF = YES;
				CLANG_WARN_OBJC_LITERAL_CONVERSION = YES;
				CLANG_WARN_OBJC_ROOT_CLASS = YES_ERROR;
				CLANG_WARN_QUOTED_INCLUDE_IN_FRAMEWORK_HEADER = YES;
				CLANG_WARN_RANGE_LOOP_ANALYSIS = YES;
				CLANG_WARN_STRICT_PROTOTYPES = YES;
				CLANG_WARN_SUSPICIOUS_MOVE = YES;
				CLANG_WARN_UNGUARDED_AVAILABILITY = YES_AGGRESSIVE;
				CLANG_WARN_UNREACHABLE_CODE = YES;
				CLANG_WARN__DUPLICATE_METHOD_MATCH = YES;
				COPY_PHASE_STRIP = NO;
				DEBUG_INFORMATION_FORMAT = "dwarf-with-dsym";
				ENABLE_NS_ASSERTIONS = NO;
				ENABLE_STRICT_OBJC_MSGSEND = YES;
				GCC_C_LANGUAGE_STANDARD = gnu11;
				GCC_NO_COMMON_BLOCKS = YES;
				GCC_WARN_64_TO_32_BIT_CONVERSION = YES;
				GCC_WARN_ABOUT_RETURN_TYPE = YES_ERROR;
				GCC_WARN_UNDECLARED_SELECTOR = YES;
				GCC_WARN_UNINITIALIZED_AUTOS = YES_AGGRESSIVE;
				GCC_WARN_UNUSED_FUNCTION = YES;
				GCC_WARN_UNUSED_VARIABLE = YES;
				IPHONEOS_DEPLOYMENT_TARGET = 16.4;
				MTL_ENABLE_DEBUG_INFO = NO;
				MTL_FAST_MATH = YES;
				SDKROOT = iphoneos;
				SWIFT_COMPILATION_MODE = wholemodule;
				SWIFT_OPTIMIZATION_LEVEL = "-O";
				VALIDATE_PRODUCT = YES;
			};
			name = Release;
		};
		40E094572B7F9C97005440C9 /* Debug */ = {
			isa = XCBuildConfiguration;
			buildSettings = {
				ASSETCATALOG_COMPILER_APPICON_NAME = AppIcon;
				ASSETCATALOG_COMPILER_GLOBAL_ACCENT_COLOR_NAME = AccentColor;
				CODE_SIGN_STYLE = Automatic;
				CURRENT_PROJECT_VERSION = 1;
				GENERATE_INFOPLIST_FILE = YES;
				INFOPLIST_FILE = TransitionBetweenPages/Info.plist;
				INFOPLIST_KEY_UIApplicationSupportsIndirectInputEvents = YES;
				INFOPLIST_KEY_UILaunchStoryboardName = LaunchScreen;
				INFOPLIST_KEY_UIMainStoryboardFile = Main;
				INFOPLIST_KEY_UISupportedInterfaceOrientations_iPad = "UIInterfaceOrientationPortrait UIInterfaceOrientationPortraitUpsideDown UIInterfaceOrientationLandscapeLeft UIInterfaceOrientationLandscapeRight";
				INFOPLIST_KEY_UISupportedInterfaceOrientations_iPhone = "UIInterfaceOrientationPortrait UIInterfaceOrientationLandscapeLeft UIInterfaceOrientationLandscapeRight";
				LD_RUNPATH_SEARCH_PATHS = (
					"$(inherited)",
					"@executable_path/Frameworks",
				);
				MARKETING_VERSION = 1.0;
				PRODUCT_BUNDLE_IDENTIFIER = com.example.TransitionBetweenPages;
				PRODUCT_NAME = "$(TARGET_NAME)";
				SWIFT_EMIT_LOC_STRINGS = YES;
				SWIFT_VERSION = 5.0;
				TARGETED_DEVICE_FAMILY = "1,2";
			};
			name = Debug;
		};
		40E094582B7F9C97005440C9 /* Release */ = {
			isa = XCBuildConfiguration;
			buildSettings = {
				ASSETCATALOG_COMPILER_APPICON_NAME = AppIcon;
				ASSETCATALOG_COMPILER_GLOBAL_ACCENT_COLOR_NAME = AccentColor;
				CODE_SIGN_STYLE = Automatic;
				CURRENT_PROJECT_VERSION = 1;
				GENERATE_INFOPLIST_FILE = YES;
				INFOPLIST_FILE = TransitionBetweenPages/Info.plist;
				INFOPLIST_KEY_UIApplicationSupportsIndirectInputEvents = YES;
				INFOPLIST_KEY_UILaunchStoryboardName = LaunchScreen;
				INFOPLIST_KEY_UIMainStoryboardFile = Main;
				INFOPLIST_KEY_UISupportedInterfaceOrientations_iPad = "UIInterfaceOrientationPortrait UIInterfaceOrientationPortraitUpsideDown UIInterfaceOrientationLandscapeLeft UIInterfaceOrientationLandscapeRight";
				INFOPLIST_KEY_UISupportedInterfaceOrientations_iPhone = "UIInterfaceOrientationPortrait UIInterfaceOrientationLandscapeLeft UIInterfaceOrientationLandscapeRight";
				LD_RUNPATH_SEARCH_PATHS = (
					"$(inherited)",
					"@executable_path/Frameworks",
				);
				MARKETING_VERSION = 1.0;
				PRODUCT_BUNDLE_IDENTIFIER = com.example.TransitionBetweenPages;
				PRODUCT_NAME = "$(TARGET_NAME)";
				SWIFT_EMIT_LOC_STRINGS = YES;
				SWIFT_VERSION = 5.0;
				TARGETED_DEVICE_FAMILY = "1,2";
			};
			name = Release;
		};
		40E0945A2B7F9C97005440C9 /* Debug */ = {
			isa = XCBuildConfiguration;
			buildSettings = {
				ALWAYS_EMBED_SWIFT_STANDARD_LIBRARIES = YES;
				BUNDLE_LOADER = "$(TEST_HOST)";
				CODE_SIGN_STYLE = Automatic;
				CURRENT_PROJECT_VERSION = 1;
				GENERATE_INFOPLIST_FILE = YES;
				IPHONEOS_DEPLOYMENT_TARGET = 16.4;
				MARKETING_VERSION = 1.0;
				PRODUCT_BUNDLE_IDENTIFIER = com.example.TransitionBetweenPagesTests;
				PRODUCT_NAME = "$(TARGET_NAME)";
				SWIFT_EMIT_LOC_STRINGS = NO;
				SWIFT_VERSION = 5.0;
				TARGETED_DEVICE_FAMILY = "1,2";
				TEST_HOST = "$(BUILT_PRODUCTS_DIR)/TransitionBetweenPages.app/$(BUNDLE_EXECUTABLE_FOLDER_PATH)/TransitionBetweenPages";
			};
			name = Debug;
		};
		40E0945B2B7F9C97005440C9 /* Release */ = {
			isa = XCBuildConfiguration;
			buildSettings = {
				ALWAYS_EMBED_SWIFT_STANDARD_LIBRARIES = YES;
				BUNDLE_LOADER = "$(TEST_HOST)";
				CODE_SIGN_STYLE = Automatic;
				CURRENT_PROJECT_VERSION = 1;
				GENERATE_INFOPLIST_FILE = YES;
				IPHONEOS_DEPLOYMENT_TARGET = 16.4;
				MARKETING_VERSION = 1.0;
				PRODUCT_BUNDLE_IDENTIFIER = com.example.TransitionBetweenPagesTests;
				PRODUCT_NAME = "$(TARGET_NAME)";
				SWIFT_EMIT_LOC_STRINGS = NO;
				SWIFT_VERSION = 5.0;
				TARGETED_DEVICE_FAMILY = "1,2";
				TEST_HOST = "$(BUILT_PRODUCTS_DIR)/TransitionBetweenPages.app/$(BUNDLE_EXECUTABLE_FOLDER_PATH)/TransitionBetweenPages";
			};
			name = Release;
		};
		40E0945D2B7F9C97005440C9 /* Debug */ = {
			isa = XCBuildConfiguration;
			buildSettings = {
				ALWAYS_EMBED_SWIFT_STANDARD_LIBRARIES = YES;
				CODE_SIGN_STYLE = Automatic;
				CURRENT_PROJECT_VERSION = 1;
				GENERATE_INFOPLIST_FILE = YES;
				MARKETING_VERSION = 1.0;
				PRODUCT_BUNDLE_IDENTIFIER = com.example.TransitionBetweenPagesUITests;
				PRODUCT_NAME = "$(TARGET_NAME)";
				SWIFT_EMIT_LOC_STRINGS = NO;
				SWIFT_VERSION = 5.0;
				TARGETED_DEVICE_FAMILY = "1,2";
				TEST_TARGET_NAME = TransitionBetweenPages;
			};
			name = Debug;
		};
		40E0945E2B7F9C97005440C9 /* Release */ = {
			isa = XCBuildConfiguration;
			buildSettings = {
				ALWAYS_EMBED_SWIFT_STANDARD_LIBRARIES = YES;
				CODE_SIGN_STYLE = Automatic;
				CURRENT_PROJECT_VERSION = 1;
				GENERATE_INFOPLIST_FILE = YES;
				MARKETING_VERSION = 1.0;
				PRODUCT_BUNDLE_IDENTIFIER = com.example.TransitionBetweenPagesUITests;
				PRODUCT_NAME = "$(TARGET_NAME)";
				SWIFT_EMIT_LOC_STRINGS = NO;
				SWIFT_VERSION = 5.0;
				TARGETED_DEVICE_FAMILY = "1,2";
				TEST_TARGET_NAME = TransitionBetweenPages;
			};
			name = Release;
		};
/* End XCBuildConfiguration section */

/* Begin XCConfigurationList section */
		40E094272B7F9C95005440C9 /* Build configuration list for PBXProject "TransitionBetweenPages" */ = {
			isa = XCConfigurationList;
			buildConfigurations = (
				40E094542B7F9C97005440C9 /* Debug */,
				40E094552B7F9C97005440C9 /* Release */,
			);
			defaultConfigurationIsVisible = 0;
			defaultConfigurationName = Release;
		};
		40E094562B7F9C97005440C9 /* Build configuration list for PBXNativeTarget "TransitionBetweenPages" */ = {
			isa = XCConfigurationList;
			buildConfigurations = (
				40E094572B7F9C97005440C9 /* Debug */,
				40E094582B7F9C97005440C9 /* Release */,
			);
			defaultConfigurationIsVisible = 0;
			defaultConfigurationName = Release;
		};
		40E094592B7F9C97005440C9 /* Build configuration list for PBXNativeTarget "TransitionBetweenPagesTests" */ = {
			isa = XCConfigurationList;
			buildConfigurations = (
				40E0945A2B7F9C97005440C9 /* Debug */,
				40E0945B2B7F9C97005440C9 /* Release */,
			);
			defaultConfigurationIsVisible = 0;
			defaultConfigurationName = Release;
		};
		40E0945C2B7F9C97005440C9 /* Build configuration list for PBXNativeTarget "TransitionBetweenPagesUITests" */ = {
			isa = XCConfigurationList;
			buildConfigurations = (
				40E0945D2B7F9C97005440C9 /* Debug */,
				40E0945E2B7F9C97005440C9 /* Release */,
			);
			defaultConfigurationIsVisible = 0;
			defaultConfigurationName = Release;
		};
/* End XCConfigurationList section */
	};
	rootObject = 40E094242B7F9C95005440C9 /* Project object */;
}
